
Microsoft Visual Studio Solution File, Format Version 12.00
# Visual Studio Version 16
VisualStudioVersion = 16.0.30104.148
MinimumVisualStudioVersion = 10.0.40219.1
Project("{FAE04EC0-301F-11D3-BF4B-00C04F79EFBC}") = "AppModelv2-WebApp-OpenIDConnect-DotNet", "AppModelv2-WebApp-OpenIDConnect-DotNet\AppModelv2-WebApp-OpenIDConnect-DotNet.csproj", "{B1683E5F-00E4-4690-97AE-1C94A4F9FC82}"
EndProject
Project("{E53339B2-1760-4266-BCC7-CA923CBCF16C}") = "docker-compose", "docker-compose.dcproj", "{667D2F61-CE02-4189-B1CB-E56EC95B7DD0}"
EndProject
Global
	GlobalSection(SolutionConfigurationPlatforms) = preSolution
		Debug|Any CPU = Debug|Any CPU
		Release|Any CPU = Release|Any CPU
	EndGlobalSection
	GlobalSection(ProjectConfigurationPlatforms) = postSolution
		{B1683E5F-00E4-4690-97AE-1C94A4F9FC82}.Debug|Any CPU.ActiveCfg = Debug|Any CPU
		{B1683E5F-00E4-4690-97AE-1C94A4F9FC82}.Debug|Any CPU.Build.0 = Debug|Any CPU
		{B1683E5F-00E4-4690-97AE-1C94A4F9FC82}.Release|Any CPU.ActiveCfg = Release|Any CPU
		{B1683E5F-00E4-4690-97AE-1C94A4F9FC82}.Release|Any CPU.Build.0 = Release|Any CPU
		{667D2F61-CE02-4189-B1CB-E56EC95B7DD0}.Debug|Any CPU.ActiveCfg = Debug|Any CPU
		{667D2F61-CE02-4189-B1CB-E56EC95B7DD0}.Debug|Any CPU.Build.0 = Debug|Any CPU
		{667D2F61-CE02-4189-B1CB-E56EC95B7DD0}.Release|Any CPU.ActiveCfg = Release|Any CPU
		{667D2F61-CE02-4189-B1CB-E56EC95B7DD0}.Release|Any CPU.Build.0 = Release|Any CPU
	EndGlobalSection
	GlobalSection(SolutionProperties) = preSolution
		HideSolutionNode = FALSE
	EndGlobalSection
	GlobalSection(ExtensibilityGlobals) = postSolution
		SolutionGuid = {B27D6172-CDAC-4C82-94E1-9DE0459B5BE8}
	EndGlobalSection
EndGlobal
